
Microsoft Visual Studio Solution File, Format Version 12.00
# Visual Studio 15
VisualStudioVersion = 15.0.26430.14
MinimumVisualStudioVersion = 10.0.40219.1
Project("{FAE04EC0-301F-11D3-BF4B-00C04F79EFBC}") = "BackEndTest", "BackEndTest\BackEndTest.csproj", "{0AC9AC8B-84A2-4AA4-959A-1C7526BF9BC3}"
EndProject
Project("{FAE04EC0-301F-11D3-BF4B-00C04F79EFBC}") = "BackEndConsole", "BackEndConsole\BackEndConsole.csproj", "{C2F36F5A-6CE6-4452-BB1D-F053D4EF6846}"
EndProject
Project("{FAE04EC0-301F-11D3-BF4B-00C04F79EFBC}") = "FrontEnd", "FrontEnd\FrontEnd.csproj", "{102F3509-1225-4AB2-969E-B257F2E51A90}"
EndProject
Global
	GlobalSection(SolutionConfigurationPlatforms) = preSolution
		Debug|Any CPU = Debug|Any CPU
		Release|Any CPU = Release|Any CPU
	EndGlobalSection
	GlobalSection(ProjectConfigurationPlatforms) = postSolution
		{0AC9AC8B-84A2-4AA4-959A-1C7526BF9BC3}.Debug|Any CPU.ActiveCfg = Debug|Any CPU
		{0AC9AC8B-84A2-4AA4-959A-1C7526BF9BC3}.Debug|Any CPU.Build.0 = Debug|Any CPU
		{0AC9AC8B-84A2-4AA4-959A-1C7526BF9BC3}.Release|Any CPU.ActiveCfg = Release|Any CPU
		{0AC9AC8B-84A2-4AA4-959A-1C7526BF9BC3}.Release|Any CPU.Build.0 = Release|Any CPU
		{C2F36F5A-6CE6-4452-BB1D-F053D4EF6846}.Debug|Any CPU.ActiveCfg = Debug|Any CPU
		{C2F36F5A-6CE6-4452-BB1D-F053D4EF6846}.Debug|Any CPU.Build.0 = Debug|Any CPU
		{C2F36F5A-6CE6-4452-BB1D-F053D4EF6846}.Release|Any CPU.ActiveCfg = Release|Any CPU
		{C2F36F5A-6CE6-4452-BB1D-F053D4EF6846}.Release|Any CPU.Build.0 = Release|Any CPU
		{102F3509-1225-4AB2-969E-B257F2E51A90}.Debug|Any CPU.ActiveCfg = Debug|Any CPU
		{102F3509-1225-4AB2-969E-B257F2E51A90}.Debug|Any CPU.Build.0 = Debug|Any CPU
		{102F3509-1225-4AB2-969E-B257F2E51A90}.Release|Any CPU.ActiveCfg = Release|Any CPU
		{102F3509-1225-4AB2-969E-B257F2E51A90}.Release|Any CPU.Build.0 = Release|Any CPU
	EndGlobalSection
	GlobalSection(SolutionProperties) = preSolution
		HideSolutionNode = FALSE
	EndGlobalSection
EndGlobal
